{
  "object": {
    "pins": [
      {
        "package": "AsyncCompatibilityKit",
        "repositoryURL": "https://github.com/JohnSundell/AsyncCompatibilityKit.git",
        "state": {
          "branch": "main",
          "revision": "c69c367042586a55977407bbca548f6867640bd5",
          "version": null
        }
      },
      {
        "package": "Resolver",
        "repositoryURL": "https://github.com/hmlongco/Resolver.git",
        "state": {
          "branch": "master",
          "revision": "bd565aae33a08dd4e10747bfb98e2bf8a63bfa28",
          "version": null
        }
      }
    ]
  },
  "version": 1
}
